
Microsoft Visual Studio Solution File, Format Version 12.00
# Visual Studio Version 17
VisualStudioVersion = 17.0.31903.59
MinimumVisualStudioVersion = 10.0.40219.1
Project("{2150E333-8FDC-42A3-9474-1A3956D46DE8}") = "src", "src", "{7376509F-A9F3-4042-8354-6A4D078D7C41}"
EndProject
Project("{FAE04EC0-301F-11D3-BF4B-00C04F79EFBC}") = "Oan.AgentiCore", "src\Oan.AgentiCore\Oan.AgentiCore.csproj", "{7E6835F2-7017-4645-8EDB-39907167B2F5}"
EndProject
Project("{FAE04EC0-301F-11D3-BF4B-00C04F79EFBC}") = "Oan.Common", "src\Oan.Common\Oan.Common.csproj", "{9A7F43E2-F682-471A-BDA4-C12CE85C5E59}"
EndProject
Project("{FAE04EC0-301F-11D3-BF4B-00C04F79EFBC}") = "Oan.Cradle", "src\Oan.Cradle\Oan.Cradle.csproj", "{A935E447-F5A3-4374-8BD3-041EFA1049F7}"
EndProject
Project("{FAE04EC0-301F-11D3-BF4B-00C04F79EFBC}") = "Oan.Place", "src\Oan.Place\Oan.Place.csproj", "{68EE18BE-FEFA-4768-8453-4D9C251651CB}"
EndProject
Project("{FAE04EC0-301F-11D3-BF4B-00C04F79EFBC}") = "Oan.Runtime.Headless", "src\Oan.Runtime.Headless\Oan.Runtime.Headless.csproj", "{5B300D15-C359-40B3-8F04-09CD2EED16C0}"
EndProject
Project("{FAE04EC0-301F-11D3-BF4B-00C04F79EFBC}") = "Oan.Sli", "src\Oan.Sli\Oan.Sli.csproj", "{0D6AC7BD-8C00-4AB2-B253-3FAD8AC2C6A2}"
EndProject
Project("{FAE04EC0-301F-11D3-BF4B-00C04F79EFBC}") = "Oan.SoulFrame", "src\Oan.SoulFrame\Oan.SoulFrame.csproj", "{DF4B5109-B9F8-4F2A-B704-F823470B75B2}"
EndProject
Project("{FAE04EC0-301F-11D3-BF4B-00C04F79EFBC}") = "Oan.Spinal", "src\Oan.Spinal\Oan.Spinal.csproj", "{43B47342-8097-47CC-BFE1-6AB718FC54C3}"
EndProject
Project("{FAE04EC0-301F-11D3-BF4B-00C04F79EFBC}") = "Oan.Storage", "src\Oan.Storage\Oan.Storage.csproj", "{A45635E0-EA33-4E31-B105-2126C244DDAB}"
EndProject
Project("{2150E333-8FDC-42A3-9474-1A3956D46DE8}") = "tests", "tests", "{A172F056-5C78-477B-A942-314330C0F3EE}"
EndProject
Project("{FAE04EC0-301F-11D3-BF4B-00C04F79EFBC}") = "Oan.Runtime.IntegrationTests", "tests\Oan.Runtime.IntegrationTests\Oan.Runtime.IntegrationTests.csproj", "{0ED30FD9-7172-4777-95AA-5F9EE6DB9D34}"
EndProject
Project("{FAE04EC0-301F-11D3-BF4B-00C04F79EFBC}") = "Oan.Sli.Tests", "tests\Oan.Sli.Tests\Oan.Sli.Tests.csproj", "{4B92D3AC-826F-49B8-9320-40F9CAC06FE2}"
EndProject
Project("{FAE04EC0-301F-11D3-BF4B-00C04F79EFBC}") = "Oan.Spinal.Tests", "tests\Oan.Spinal.Tests\Oan.Spinal.Tests.csproj", "{2D565674-6AF8-45A1-ABD2-401504F8283E}"
EndProject
Project("{FAE04EC0-301F-11D3-BF4B-00C04F79EFBC}") = "Oan.Audit.Tests", "tests\Oan.Audit.Tests\Oan.Audit.Tests.csproj", "{C9F88ADB-AE99-4A20-8F8F-B17149DE0B2C}"
EndProject
Global
	GlobalSection(SolutionConfigurationPlatforms) = preSolution
		Debug|Any CPU = Debug|Any CPU
		Release|Any CPU = Release|Any CPU
	EndGlobalSection
	GlobalSection(SolutionProperties) = preSolution
		HideSolutionNode = FALSE
	EndGlobalSection
	GlobalSection(ProjectConfigurationPlatforms) = postSolution
		{7E6835F2-7017-4645-8EDB-39907167B2F5}.Debug|Any CPU.ActiveCfg = Debug|Any CPU
		{7E6835F2-7017-4645-8EDB-39907167B2F5}.Debug|Any CPU.Build.0 = Debug|Any CPU
		{7E6835F2-7017-4645-8EDB-39907167B2F5}.Release|Any CPU.ActiveCfg = Release|Any CPU
		{7E6835F2-7017-4645-8EDB-39907167B2F5}.Release|Any CPU.Build.0 = Release|Any CPU
		{9A7F43E2-F682-471A-BDA4-C12CE85C5E59}.Debug|Any CPU.ActiveCfg = Debug|Any CPU
		{9A7F43E2-F682-471A-BDA4-C12CE85C5E59}.Debug|Any CPU.Build.0 = Debug|Any CPU
		{9A7F43E2-F682-471A-BDA4-C12CE85C5E59}.Release|Any CPU.ActiveCfg = Release|Any CPU
		{9A7F43E2-F682-471A-BDA4-C12CE85C5E59}.Release|Any CPU.Build.0 = Release|Any CPU
		{A935E447-F5A3-4374-8BD3-041EFA1049F7}.Debug|Any CPU.ActiveCfg = Debug|Any CPU
		{A935E447-F5A3-4374-8BD3-041EFA1049F7}.Debug|Any CPU.Build.0 = Debug|Any CPU
		{A935E447-F5A3-4374-8BD3-041EFA1049F7}.Release|Any CPU.ActiveCfg = Release|Any CPU
		{A935E447-F5A3-4374-8BD3-041EFA1049F7}.Release|Any CPU.Build.0 = Release|Any CPU
		{68EE18BE-FEFA-4768-8453-4D9C251651CB}.Debug|Any CPU.ActiveCfg = Debug|Any CPU
		{68EE18BE-FEFA-4768-8453-4D9C251651CB}.Debug|Any CPU.Build.0 = Debug|Any CPU
		{68EE18BE-FEFA-4768-8453-4D9C251651CB}.Release|Any CPU.ActiveCfg = Release|Any CPU
		{68EE18BE-FEFA-4768-8453-4D9C251651CB}.Release|Any CPU.Build.0 = Release|Any CPU
		{5B300D15-C359-40B3-8F04-09CD2EED16C0}.Debug|Any CPU.ActiveCfg = Debug|Any CPU
		{5B300D15-C359-40B3-8F04-09CD2EED16C0}.Debug|Any CPU.Build.0 = Debug|Any CPU
		{5B300D15-C359-40B3-8F04-09CD2EED16C0}.Release|Any CPU.ActiveCfg = Release|Any CPU
		{5B300D15-C359-40B3-8F04-09CD2EED16C0}.Release|Any CPU.Build.0 = Release|Any CPU
		{0D6AC7BD-8C00-4AB2-B253-3FAD8AC2C6A2}.Debug|Any CPU.ActiveCfg = Debug|Any CPU
		{0D6AC7BD-8C00-4AB2-B253-3FAD8AC2C6A2}.Debug|Any CPU.Build.0 = Debug|Any CPU
		{0D6AC7BD-8C00-4AB2-B253-3FAD8AC2C6A2}.Release|Any CPU.ActiveCfg = Release|Any CPU
		{0D6AC7BD-8C00-4AB2-B253-3FAD8AC2C6A2}.Release|Any CPU.Build.0 = Release|Any CPU
		{DF4B5109-B9F8-4F2A-B704-F823470B75B2}.Debug|Any CPU.ActiveCfg = Debug|Any CPU
		{DF4B5109-B9F8-4F2A-B704-F823470B75B2}.Debug|Any CPU.Build.0 = Debug|Any CPU
		{DF4B5109-B9F8-4F2A-B704-F823470B75B2}.Release|Any CPU.ActiveCfg = Release|Any CPU
		{DF4B5109-B9F8-4F2A-B704-F823470B75B2}.Release|Any CPU.Build.0 = Release|Any CPU
		{43B47342-8097-47CC-BFE1-6AB718FC54C3}.Debug|Any CPU.ActiveCfg = Debug|Any CPU
		{43B47342-8097-47CC-BFE1-6AB718FC54C3}.Debug|Any CPU.Build.0 = Debug|Any CPU
		{43B47342-8097-47CC-BFE1-6AB718FC54C3}.Release|Any CPU.ActiveCfg = Release|Any CPU
		{43B47342-8097-47CC-BFE1-6AB718FC54C3}.Release|Any CPU.Build.0 = Release|Any CPU
		{A45635E0-EA33-4E31-B105-2126C244DDAB}.Debug|Any CPU.ActiveCfg = Debug|Any CPU
		{A45635E0-EA33-4E31-B105-2126C244DDAB}.Debug|Any CPU.Build.0 = Debug|Any CPU
		{A45635E0-EA33-4E31-B105-2126C244DDAB}.Release|Any CPU.ActiveCfg = Release|Any CPU
		{A45635E0-EA33-4E31-B105-2126C244DDAB}.Release|Any CPU.Build.0 = Release|Any CPU
		{0ED30FD9-7172-4777-95AA-5F9EE6DB9D34}.Debug|Any CPU.ActiveCfg = Debug|Any CPU
		{0ED30FD9-7172-4777-95AA-5F9EE6DB9D34}.Debug|Any CPU.Build.0 = Debug|Any CPU
		{0ED30FD9-7172-4777-95AA-5F9EE6DB9D34}.Release|Any CPU.ActiveCfg = Release|Any CPU
		{0ED30FD9-7172-4777-95AA-5F9EE6DB9D34}.Release|Any CPU.Build.0 = Release|Any CPU
		{4B92D3AC-826F-49B8-9320-40F9CAC06FE2}.Debug|Any CPU.ActiveCfg = Debug|Any CPU
		{4B92D3AC-826F-49B8-9320-40F9CAC06FE2}.Debug|Any CPU.Build.0 = Debug|Any CPU
		{4B92D3AC-826F-49B8-9320-40F9CAC06FE2}.Release|Any CPU.ActiveCfg = Release|Any CPU
		{4B92D3AC-826F-49B8-9320-40F9CAC06FE2}.Release|Any CPU.Build.0 = Release|Any CPU
		{2D565674-6AF8-45A1-ABD2-401504F8283E}.Debug|Any CPU.ActiveCfg = Debug|Any CPU
		{2D565674-6AF8-45A1-ABD2-401504F8283E}.Debug|Any CPU.Build.0 = Debug|Any CPU
		{2D565674-6AF8-45A1-ABD2-401504F8283E}.Release|Any CPU.ActiveCfg = Release|Any CPU
		{2D565674-6AF8-45A1-ABD2-401504F8283E}.Release|Any CPU.Build.0 = Release|Any CPU
		{C9F88ADB-AE99-4A20-8F8F-B17149DE0B2C}.Debug|Any CPU.ActiveCfg = Debug|Any CPU
		{C9F88ADB-AE99-4A20-8F8F-B17149DE0B2C}.Debug|Any CPU.Build.0 = Debug|Any CPU
		{C9F88ADB-AE99-4A20-8F8F-B17149DE0B2C}.Release|Any CPU.ActiveCfg = Release|Any CPU
		{C9F88ADB-AE99-4A20-8F8F-B17149DE0B2C}.Release|Any CPU.Build.0 = Release|Any CPU
	EndGlobalSection
	GlobalSection(NestedProjects) = preSolution
		{7E6835F2-7017-4645-8EDB-39907167B2F5} = {7376509F-A9F3-4042-8354-6A4D078D7C41}
		{9A7F43E2-F682-471A-BDA4-C12CE85C5E59} = {7376509F-A9F3-4042-8354-6A4D078D7C41}
		{A935E447-F5A3-4374-8BD3-041EFA1049F7} = {7376509F-A9F3-4042-8354-6A4D078D7C41}
		{68EE18BE-FEFA-4768-8453-4D9C251651CB} = {7376509F-A9F3-4042-8354-6A4D078D7C41}
		{5B300D15-C359-40B3-8F04-09CD2EED16C0} = {7376509F-A9F3-4042-8354-6A4D078D7C41}
		{0D6AC7BD-8C00-4AB2-B253-3FAD8AC2C6A2} = {7376509F-A9F3-4042-8354-6A4D078D7C41}
		{DF4B5109-B9F8-4F2A-B704-F823470B75B2} = {7376509F-A9F3-4042-8354-6A4D078D7C41}
		{43B47342-8097-47CC-BFE1-6AB718FC54C3} = {7376509F-A9F3-4042-8354-6A4D078D7C41}
		{A45635E0-EA33-4E31-B105-2126C244DDAB} = {7376509F-A9F3-4042-8354-6A4D078D7C41}
		{0ED30FD9-7172-4777-95AA-5F9EE6DB9D34} = {A172F056-5C78-477B-A942-314330C0F3EE}
		{4B92D3AC-826F-49B8-9320-40F9CAC06FE2} = {A172F056-5C78-477B-A942-314330C0F3EE}
		{2D565674-6AF8-45A1-ABD2-401504F8283E} = {A172F056-5C78-477B-A942-314330C0F3EE}
		{C9F88ADB-AE99-4A20-8F8F-B17149DE0B2C} = {A172F056-5C78-477B-A942-314330C0F3EE}
	EndGlobalSection
EndGlobal
