
Microsoft Visual Studio Solution File, Format Version 12.00
# Visual Studio Version 17
VisualStudioVersion = 17.0.31903.59
MinimumVisualStudioVersion = 10.0.40219.1
Project("{2150E333-8FDC-42A3-9474-1A3956D46DE8}") = "src", "src", "{0F40B09A-DA96-4171-8ACE-5D7DFFC4D1D5}"
EndProject
Project("{FAE04EC0-301F-11D3-BF4B-00C04F79EFBC}") = "Oan.Core", "src\Oan.Core\Oan.Core.csproj", "{37AFD660-805B-49A4-98A3-FAC5CE0FE6BE}"
EndProject
Project("{FAE04EC0-301F-11D3-BF4B-00C04F79EFBC}") = "Oan.Runtime", "src\Oan.Runtime\Oan.Runtime.csproj", "{5A2B03BE-EBC9-4314-A452-892D2DE85C07}"
EndProject
Project("{FAE04EC0-301F-11D3-BF4B-00C04F79EFBC}") = "Oan.Ledger", "src\Oan.Ledger\Oan.Ledger.csproj", "{C4D655A6-818D-4374-86E1-C451C8B29591}"
EndProject
Project("{2150E333-8FDC-42A3-9474-1A3956D46DE8}") = "tests", "tests", "{81B14D5C-6F15-40BB-9E1A-4288E351C1AD}"
EndProject
Project("{FAE04EC0-301F-11D3-BF4B-00C04F79EFBC}") = "Oan.Tests", "tests\Oan.Tests\Oan.Tests.csproj", "{D93D0E3E-65EB-43FB-82CF-A920F1F7591D}"
EndProject
Project("{FAE04EC0-301F-11D3-BF4B-00C04F79EFBC}") = "Oan.AgentiCore", "src\Oan.AgentiCore\Oan.AgentiCore.csproj", "{75B27725-A7D7-4557-943A-5CF582A98661}"
EndProject
Project("{FAE04EC0-301F-11D3-BF4B-00C04F79EFBC}") = "Oan.SoulFrame", "src\Oan.SoulFrame\Oan.SoulFrame.csproj", "{924E9F58-7D68-4522-8A6C-D808028F3B12}"
EndProject
Project("{FAE04EC0-301F-11D3-BF4B-00C04F79EFBC}") = "Oan.CradleTek", "src\Oan.CradleTek\Oan.CradleTek.csproj", "{B830122A-9629-4284-8BBA-D63913BF5811}"
EndProject
Project("{FAE04EC0-301F-11D3-BF4B-00C04F79EFBC}") = "Oan.Host.Api", "src\Oan.Host.Api\Oan.Host.Api.csproj", "{DDDB9929-EC15-4FA5-A04C-30723EB9F49D}"
EndProject
Project("{FAE04EC0-301F-11D3-BF4B-00C04F79EFBC}") = "Oan.Host.Cli", "src\Oan.Host.Cli\Oan.Host.Cli.csproj", "{D4050C33-3497-48FA-B310-439329714257}"
EndProject
Project("{2150E333-8FDC-42A3-9474-1A3956D46DE8}") = "Oan.Place", "Oan.Place", "{80957B20-B668-4A6F-94C9-C884764B6C31}"
EndProject
Project("{FAE04EC0-301F-11D3-BF4B-00C04F79EFBC}") = "Oan.Place.Abstractions", "src\Oan.Place\Abstractions\Oan.Place.Abstractions.csproj", "{7F64ACBC-1B35-487A-93F4-5AF41E26E503}"
EndProject
Project("{FAE04EC0-301F-11D3-BF4B-00C04F79EFBC}") = "Oan.Place.GEL.Service", "src\Oan.Place\GEL.Service\Oan.Place.GEL.Service.csproj", "{F5E4A708-D0D2-4339-8F9C-A2158E145C3E}"
EndProject
Project("{FAE04EC0-301F-11D3-BF4B-00C04F79EFBC}") = "Oan.Place.GEL.Self", "src\Oan.Place\GEL.Self\Oan.Place.GEL.Self.csproj", "{72975A5B-27F2-45DC-853B-671DC4331FD7}"
EndProject
Project("{FAE04EC0-301F-11D3-BF4B-00C04F79EFBC}") = "Oan.Place.OAN.Service", "src\Oan.Place\OAN.Service\Oan.Place.OAN.Service.csproj", "{56A0C6D5-D2A4-4977-957A-5848D7D277C9}"
EndProject
Project("{FAE04EC0-301F-11D3-BF4B-00C04F79EFBC}") = "Oan.Place.OAN.Self", "src\Oan.Place\OAN.Self\Oan.Place.OAN.Self.csproj", "{3923452E-C5AE-423D-8C0A-839C218F42A0}"
EndProject
Project("{FAE04EC0-301F-11D3-BF4B-00C04F79EFBC}") = "Oan.Place.GOA.Service", "src\Oan.Place\GOA.Service\Oan.Place.GOA.Service.csproj", "{47979FDD-C932-4AC2-9FA6-D9758BBA08A8}"
EndProject
Project("{FAE04EC0-301F-11D3-BF4B-00C04F79EFBC}") = "Oan.Place.GOA.Self", "src\Oan.Place\GOA.Self\Oan.Place.GOA.Self.csproj", "{DF88D6D0-055D-4417-9A60-8B3701281818}"
EndProject
Project("{FAE04EC0-301F-11D3-BF4B-00C04F79EFBC}") = "Oan.Place.Llm", "src\Oan.Place.Llm\Oan.Place.Llm.csproj", "{7D20FE84-0347-4005-A5F3-BB2B4CF66192}"
EndProject
Global
	GlobalSection(SolutionConfigurationPlatforms) = preSolution
		Debug|Any CPU = Debug|Any CPU
		Release|Any CPU = Release|Any CPU
	EndGlobalSection
	GlobalSection(SolutionProperties) = preSolution
		HideSolutionNode = FALSE
	EndGlobalSection
	GlobalSection(ProjectConfigurationPlatforms) = postSolution
		{37AFD660-805B-49A4-98A3-FAC5CE0FE6BE}.Debug|Any CPU.ActiveCfg = Debug|Any CPU
		{37AFD660-805B-49A4-98A3-FAC5CE0FE6BE}.Debug|Any CPU.Build.0 = Debug|Any CPU
		{37AFD660-805B-49A4-98A3-FAC5CE0FE6BE}.Release|Any CPU.ActiveCfg = Release|Any CPU
		{37AFD660-805B-49A4-98A3-FAC5CE0FE6BE}.Release|Any CPU.Build.0 = Release|Any CPU
		{5A2B03BE-EBC9-4314-A452-892D2DE85C07}.Debug|Any CPU.ActiveCfg = Debug|Any CPU
		{5A2B03BE-EBC9-4314-A452-892D2DE85C07}.Debug|Any CPU.Build.0 = Debug|Any CPU
		{5A2B03BE-EBC9-4314-A452-892D2DE85C07}.Release|Any CPU.ActiveCfg = Release|Any CPU
		{5A2B03BE-EBC9-4314-A452-892D2DE85C07}.Release|Any CPU.Build.0 = Release|Any CPU
		{C4D655A6-818D-4374-86E1-C451C8B29591}.Debug|Any CPU.ActiveCfg = Debug|Any CPU
		{C4D655A6-818D-4374-86E1-C451C8B29591}.Debug|Any CPU.Build.0 = Debug|Any CPU
		{C4D655A6-818D-4374-86E1-C451C8B29591}.Release|Any CPU.ActiveCfg = Release|Any CPU
		{C4D655A6-818D-4374-86E1-C451C8B29591}.Release|Any CPU.Build.0 = Release|Any CPU
		{D93D0E3E-65EB-43FB-82CF-A920F1F7591D}.Debug|Any CPU.ActiveCfg = Debug|Any CPU
		{D93D0E3E-65EB-43FB-82CF-A920F1F7591D}.Debug|Any CPU.Build.0 = Debug|Any CPU
		{D93D0E3E-65EB-43FB-82CF-A920F1F7591D}.Release|Any CPU.ActiveCfg = Release|Any CPU
		{D93D0E3E-65EB-43FB-82CF-A920F1F7591D}.Release|Any CPU.Build.0 = Release|Any CPU
		{75B27725-A7D7-4557-943A-5CF582A98661}.Debug|Any CPU.ActiveCfg = Debug|Any CPU
		{75B27725-A7D7-4557-943A-5CF582A98661}.Debug|Any CPU.Build.0 = Debug|Any CPU
		{75B27725-A7D7-4557-943A-5CF582A98661}.Release|Any CPU.ActiveCfg = Release|Any CPU
		{75B27725-A7D7-4557-943A-5CF582A98661}.Release|Any CPU.Build.0 = Release|Any CPU
		{924E9F58-7D68-4522-8A6C-D808028F3B12}.Debug|Any CPU.ActiveCfg = Debug|Any CPU
		{924E9F58-7D68-4522-8A6C-D808028F3B12}.Debug|Any CPU.Build.0 = Debug|Any CPU
		{924E9F58-7D68-4522-8A6C-D808028F3B12}.Release|Any CPU.ActiveCfg = Release|Any CPU
		{924E9F58-7D68-4522-8A6C-D808028F3B12}.Release|Any CPU.Build.0 = Release|Any CPU
		{B830122A-9629-4284-8BBA-D63913BF5811}.Debug|Any CPU.ActiveCfg = Debug|Any CPU
		{B830122A-9629-4284-8BBA-D63913BF5811}.Debug|Any CPU.Build.0 = Debug|Any CPU
		{B830122A-9629-4284-8BBA-D63913BF5811}.Release|Any CPU.ActiveCfg = Release|Any CPU
		{B830122A-9629-4284-8BBA-D63913BF5811}.Release|Any CPU.Build.0 = Release|Any CPU
		{DDDB9929-EC15-4FA5-A04C-30723EB9F49D}.Debug|Any CPU.ActiveCfg = Debug|Any CPU
		{DDDB9929-EC15-4FA5-A04C-30723EB9F49D}.Debug|Any CPU.Build.0 = Debug|Any CPU
		{DDDB9929-EC15-4FA5-A04C-30723EB9F49D}.Release|Any CPU.ActiveCfg = Release|Any CPU
		{DDDB9929-EC15-4FA5-A04C-30723EB9F49D}.Release|Any CPU.Build.0 = Release|Any CPU
		{D4050C33-3497-48FA-B310-439329714257}.Debug|Any CPU.ActiveCfg = Debug|Any CPU
		{D4050C33-3497-48FA-B310-439329714257}.Debug|Any CPU.Build.0 = Debug|Any CPU
		{D4050C33-3497-48FA-B310-439329714257}.Release|Any CPU.ActiveCfg = Release|Any CPU
		{D4050C33-3497-48FA-B310-439329714257}.Release|Any CPU.Build.0 = Release|Any CPU
		{7F64ACBC-1B35-487A-93F4-5AF41E26E503}.Debug|Any CPU.ActiveCfg = Debug|Any CPU
		{7F64ACBC-1B35-487A-93F4-5AF41E26E503}.Debug|Any CPU.Build.0 = Debug|Any CPU
		{7F64ACBC-1B35-487A-93F4-5AF41E26E503}.Release|Any CPU.ActiveCfg = Release|Any CPU
		{7F64ACBC-1B35-487A-93F4-5AF41E26E503}.Release|Any CPU.Build.0 = Release|Any CPU
		{F5E4A708-D0D2-4339-8F9C-A2158E145C3E}.Debug|Any CPU.ActiveCfg = Debug|Any CPU
		{F5E4A708-D0D2-4339-8F9C-A2158E145C3E}.Debug|Any CPU.Build.0 = Debug|Any CPU
		{F5E4A708-D0D2-4339-8F9C-A2158E145C3E}.Release|Any CPU.ActiveCfg = Release|Any CPU
		{F5E4A708-D0D2-4339-8F9C-A2158E145C3E}.Release|Any CPU.Build.0 = Release|Any CPU
		{72975A5B-27F2-45DC-853B-671DC4331FD7}.Debug|Any CPU.ActiveCfg = Debug|Any CPU
		{72975A5B-27F2-45DC-853B-671DC4331FD7}.Debug|Any CPU.Build.0 = Debug|Any CPU
		{72975A5B-27F2-45DC-853B-671DC4331FD7}.Release|Any CPU.ActiveCfg = Release|Any CPU
		{72975A5B-27F2-45DC-853B-671DC4331FD7}.Release|Any CPU.Build.0 = Release|Any CPU
		{56A0C6D5-D2A4-4977-957A-5848D7D277C9}.Debug|Any CPU.ActiveCfg = Debug|Any CPU
		{56A0C6D5-D2A4-4977-957A-5848D7D277C9}.Debug|Any CPU.Build.0 = Debug|Any CPU
		{56A0C6D5-D2A4-4977-957A-5848D7D277C9}.Release|Any CPU.ActiveCfg = Release|Any CPU
		{56A0C6D5-D2A4-4977-957A-5848D7D277C9}.Release|Any CPU.Build.0 = Release|Any CPU
		{3923452E-C5AE-423D-8C0A-839C218F42A0}.Debug|Any CPU.ActiveCfg = Debug|Any CPU
		{3923452E-C5AE-423D-8C0A-839C218F42A0}.Debug|Any CPU.Build.0 = Debug|Any CPU
		{3923452E-C5AE-423D-8C0A-839C218F42A0}.Release|Any CPU.ActiveCfg = Release|Any CPU
		{3923452E-C5AE-423D-8C0A-839C218F42A0}.Release|Any CPU.Build.0 = Release|Any CPU
		{47979FDD-C932-4AC2-9FA6-D9758BBA08A8}.Debug|Any CPU.ActiveCfg = Debug|Any CPU
		{47979FDD-C932-4AC2-9FA6-D9758BBA08A8}.Debug|Any CPU.Build.0 = Debug|Any CPU
		{47979FDD-C932-4AC2-9FA6-D9758BBA08A8}.Release|Any CPU.ActiveCfg = Release|Any CPU
		{47979FDD-C932-4AC2-9FA6-D9758BBA08A8}.Release|Any CPU.Build.0 = Release|Any CPU
		{DF88D6D0-055D-4417-9A60-8B3701281818}.Debug|Any CPU.ActiveCfg = Debug|Any CPU
		{DF88D6D0-055D-4417-9A60-8B3701281818}.Debug|Any CPU.Build.0 = Debug|Any CPU
		{DF88D6D0-055D-4417-9A60-8B3701281818}.Release|Any CPU.ActiveCfg = Release|Any CPU
		{DF88D6D0-055D-4417-9A60-8B3701281818}.Release|Any CPU.Build.0 = Release|Any CPU
		{7D20FE84-0347-4005-A5F3-BB2B4CF66192}.Debug|Any CPU.ActiveCfg = Debug|Any CPU
		{7D20FE84-0347-4005-A5F3-BB2B4CF66192}.Debug|Any CPU.Build.0 = Debug|Any CPU
		{7D20FE84-0347-4005-A5F3-BB2B4CF66192}.Release|Any CPU.ActiveCfg = Release|Any CPU
		{7D20FE84-0347-4005-A5F3-BB2B4CF66192}.Release|Any CPU.Build.0 = Release|Any CPU
	EndGlobalSection
	GlobalSection(NestedProjects) = preSolution
		{37AFD660-805B-49A4-98A3-FAC5CE0FE6BE} = {0F40B09A-DA96-4171-8ACE-5D7DFFC4D1D5}
		{5A2B03BE-EBC9-4314-A452-892D2DE85C07} = {0F40B09A-DA96-4171-8ACE-5D7DFFC4D1D5}
		{C4D655A6-818D-4374-86E1-C451C8B29591} = {0F40B09A-DA96-4171-8ACE-5D7DFFC4D1D5}
		{D93D0E3E-65EB-43FB-82CF-A920F1F7591D} = {81B14D5C-6F15-40BB-9E1A-4288E351C1AD}
		{75B27725-A7D7-4557-943A-5CF582A98661} = {0F40B09A-DA96-4171-8ACE-5D7DFFC4D1D5}
		{924E9F58-7D68-4522-8A6C-D808028F3B12} = {0F40B09A-DA96-4171-8ACE-5D7DFFC4D1D5}
		{B830122A-9629-4284-8BBA-D63913BF5811} = {0F40B09A-DA96-4171-8ACE-5D7DFFC4D1D5}
		{DDDB9929-EC15-4FA5-A04C-30723EB9F49D} = {0F40B09A-DA96-4171-8ACE-5D7DFFC4D1D5}
		{D4050C33-3497-48FA-B310-439329714257} = {0F40B09A-DA96-4171-8ACE-5D7DFFC4D1D5}
		{80957B20-B668-4A6F-94C9-C884764B6C31} = {0F40B09A-DA96-4171-8ACE-5D7DFFC4D1D5}
		{7F64ACBC-1B35-487A-93F4-5AF41E26E503} = {80957B20-B668-4A6F-94C9-C884764B6C31}
		{F5E4A708-D0D2-4339-8F9C-A2158E145C3E} = {80957B20-B668-4A6F-94C9-C884764B6C31}
		{72975A5B-27F2-45DC-853B-671DC4331FD7} = {80957B20-B668-4A6F-94C9-C884764B6C31}
		{56A0C6D5-D2A4-4977-957A-5848D7D277C9} = {80957B20-B668-4A6F-94C9-C884764B6C31}
		{3923452E-C5AE-423D-8C0A-839C218F42A0} = {80957B20-B668-4A6F-94C9-C884764B6C31}
		{47979FDD-C932-4AC2-9FA6-D9758BBA08A8} = {80957B20-B668-4A6F-94C9-C884764B6C31}
		{DF88D6D0-055D-4417-9A60-8B3701281818} = {80957B20-B668-4A6F-94C9-C884764B6C31}
		{7D20FE84-0347-4005-A5F3-BB2B4CF66192} = {0F40B09A-DA96-4171-8ACE-5D7DFFC4D1D5}
	EndGlobalSection
EndGlobal
